
Microsoft Visual Studio Solution File, Format Version 12.00
# Visual Studio 14
VisualStudioVersion = 14.0.25420.1
MinimumVisualStudioVersion = 10.0.40219.1
Project("{FAE04EC0-301F-11D3-BF4B-00C04F79EFBC}") = "MSBuild_Custome", "MSBuild_Custome\MSBuild_Custome.csproj", "{9CDCF43B-762B-4F36-A28A-D57C7421D10C}"
EndProject
Global
	GlobalSection(SolutionConfigurationPlatforms) = preSolution
		Debug|Any CPU = Debug|Any CPU
		Release|Any CPU = Release|Any CPU
	EndGlobalSection
	GlobalSection(ProjectConfigurationPlatforms) = postSolution
		{9CDCF43B-762B-4F36-A28A-D57C7421D10C}.Debug|Any CPU.ActiveCfg = Debug|Any CPU
		{9CDCF43B-762B-4F36-A28A-D57C7421D10C}.Debug|Any CPU.Build.0 = Debug|Any CPU
		{9CDCF43B-762B-4F36-A28A-D57C7421D10C}.Release|Any CPU.ActiveCfg = Release|Any CPU
		{9CDCF43B-762B-4F36-A28A-D57C7421D10C}.Release|Any CPU.Build.0 = Release|Any CPU
	EndGlobalSection
	GlobalSection(SolutionProperties) = preSolution
		HideSolutionNode = FALSE
	EndGlobalSection
EndGlobal
